{
  "third_party": [
    {
      "name": "torchtitan",
      "path": "third_party/torchtitan",
      "url": "https://github.com/pytorch/torchtitan.git",
      "commit": "73a0e6979dd10b6b1904098eb3c8f62c18ab87ce"
    },
    {
      "name": "Megatron-LM",
      "path": "third_party/Megatron-LM",
      "url": "https://github.com/NVIDIA/Megatron-LM.git",
      "commit": "d3528a21301db2d12e92912b3ec025dc8a2ed4d6"
    },
    {
      "name": "maxtext",
      "path": "third_party/maxtext",
      "url": "https://github.com/ROCm/maxtext.git",
      "commit": "b47d74bf4ef860c6cbd0fe5e4705c362ba360dbe"
    },
    {
      "name": "Emerging-Optimizers",
      "path": "third_party/Emerging-Optimizers",
      "url": "https://github.com/NVIDIA-NeMo/Emerging-Optimizers.git",
      "commit": "93d9eb3a6c899b50de73992826451fba3ab6adfb"
    },
    {
      "name": "Megatron-Bridge",
      "path": "third_party/Megatron-Bridge",
      "url": "https://github.com/NVIDIA-NeMo/Megatron-Bridge.git",
      "commit": "9577b1280eaadd60b9d7b0ce6df09ac80e87e323"
    },
    {
      "name": "mamba",
      "path": "third_party/mamba",
      "url": "https://github.com/AndreasKaratzas/mamba.git",
      "commit": "4d67c534d10b7299194ede55b36718cc7a1dd472"
    },
    {
      "name": "HummingbirdXT",
      "path": "third_party/HummingbirdXT",
      "url": "https://github.com/AMD-AGI/HummingbirdXT.git",
      "commit": "ed7b7bd0dd03ed084f645c5dda1bc7b333f326f0"
    },
    {
      "name": "maxdiffusion",
      "path": "third_party/maxdiffusion",
      "url": "https://github.com/AI-Hypercomputer/maxdiffusion.git",
      "commit": "68e069659f0af80694559e29939a17f879fe7f6a"
    },
    {
      "name": "Automodel",
      "path": "third_party/Automodel",
      "url": "https://github.com/NVIDIA-NeMo/Automodel.git",
      "commit": "44f2acdee1628b8a5a5acb35ada6ed8c539a22e4"
    }
  ]
}
